{
  "name": "test-project",
  "version": "1.0.0",
  "lockfileVersion": 3,
  "requires": true,
  "packages": {
    "": {
      "name": "test-project",
      "version": "1.0.0",
      "license": "ISC",
      "dependencies": {
        "math-utils-xtool": "^1.0.0"
      }
    },
    "node_modules/math-utils-xtool": {
      "version": "1.0.0",
      "resolved": "https://registry.npmjs.org/math-utils-xtool/-/math-utils-xtool-1.0.0.tgz",
      "integrity": "sha512-fhM5bra8CSHSte46zbQJbtlPde1Xf3Tbd9wTBKQ0i1/Npd9EhLSAwmWZoeuf7d47YJOKxyJFAiz11QjQDf6JAg==",
      "license": "MIT"
    }
  }
}
